<?xml version="1.0" encoding="UTF-8" standalone="yes" ?>
<CodeBlocks_project_file>
	<FileVersion major="1" minor="6" />
	<Project>
		<Option title="IDE Launcher" />
		<Option pch_mode="2" />
		<Option compiler="gcc" />
		<Build>
			<Target title="Debug - Edittime">
				<Option output="bin/Debug/GDIDELauncher" prefix_auto="1" extension_auto="1" />
				<Option object_output="obj/IDELauncher_Debug/" />
				<Option type="1" />
				<Option compiler="gcc" />
				<Compiler>
					<Add option="-g" />
				</Compiler>
			</Target>
			<Target title="Release - Edittime">
				<Option output="bin/Release/GDIDE" prefix_auto="1" extension_auto="1" />
				<Option object_output="obj/IDELauncher_Release/" />
				<Option type="0" />
				<Option compiler="gcc" />
				<Compiler>
					<Add option="-O2" />
					<Add directory="D:/Florian/Programmation/GameDevelop2/ExtLibs/SFML/include" />
				</Compiler>
				<Linker>
					<Add option="-s" />
					<Add library="D:\Florian\Programmation\GameDevelop2\ExtLibs\SFML\build-mingw-release\lib\libsfml-audio.a" />
					<Add library="D:\Florian\Programmation\GameDevelop2\ExtLibs\SFML\build-mingw-release\lib\libsfml-graphics.a" />
					<Add library="D:\Florian\Programmation\GameDevelop2\ExtLibs\SFML\build-mingw-release\lib\libsfml-main.a" />
					<Add library="D:\Florian\Programmation\GameDevelop2\ExtLibs\SFML\build-mingw-release\lib\libsfml-network.a" />
					<Add library="D:\Florian\Programmation\GameDevelop2\ExtLibs\SFML\build-mingw-release\lib\libsfml-system.a" />
					<Add library="D:\Florian\Programmation\GameDevelop2\ExtLibs\SFML\build-mingw-release\lib\libsfml-window.a" />
				</Linker>
			</Target>
			<Target title="Development - Edittime">
				<Option output="bin/Dev/GDIDE_Dev" prefix_auto="1" extension_auto="1" />
				<Option object_output="obj/IDELauncher_Dev/" />
				<Option type="1" />
				<Option compiler="gcc" />
				<Option use_console_runner="0" />
				<Compiler>
					<Add option="-O2" />
					<Add directory="D:/Florian/Programmation/GameDevelop2/ExtLibs/SFML/include" />
				</Compiler>
				<Linker>
					<Add option="-s" />
					<Add library="D:\Florian\Programmation\GameDevelop2\ExtLibs\SFML\build-mingw-release\lib\libsfml-audio.a" />
					<Add library="D:\Florian\Programmation\GameDevelop2\ExtLibs\SFML\build-mingw-release\lib\libsfml-graphics.a" />
					<Add library="D:\Florian\Programmation\GameDevelop2\ExtLibs\SFML\build-mingw-release\lib\libsfml-main.a" />
					<Add library="D:\Florian\Programmation\GameDevelop2\ExtLibs\SFML\build-mingw-release\lib\libsfml-network.a" />
					<Add library="D:\Florian\Programmation\GameDevelop2\ExtLibs\SFML\build-mingw-release\lib\libsfml-system.a" />
					<Add library="D:\Florian\Programmation\GameDevelop2\ExtLibs\SFML\build-mingw-release\lib\libsfml-window.a" />
				</Linker>
			</Target>
		</Build>
		<Compiler>
			<Add option="-Wall" />
			<Add option="-fexceptions" />
		</Compiler>
		<Unit filename="launcherresource.rc">
			<Option compilerVar="WINDRES" />
		</Unit>
		<Unit filename="main.cpp" />
		<Extensions>
			<code_completion />
			<envvars />
			<debugger />
			<lib_finder disable_auto="1" />
		</Extensions>
	</Project>
</CodeBlocks_project_file>
