<?xml version="1.0" encoding="UTF-8" standalone="yes" ?>
<CodeBlocks_project_file>
	<FileVersion major="1" minor="6" />
	<Project>
		<Option title="SPARK Engine CORE LIB" />
		<Option pch_mode="2" />
		<Option compiler="gcc" />
		<Option virtualFolders="Headers/;" />
		<Build>
			<Target title="Debug Win32">
				<Option output="../../../lib/mingw/static/SPARK_debug" prefix_auto="1" extension_auto="1" />
				<Option working_dir="" />
				<Option object_output="Debug Win32" />
				<Option type="2" />
				<Option compiler="gcc" />
				<Option createDefFile="1" />
				<Compiler>
					<Add option="-W" />
					<Add option="-O0" />
					<Add option="-DWIN32" />
					<Add option="-D_DEBUG" />
					<Add option="-D_LIB" />
					<Add directory="../../../include" />
				</Compiler>
				<ResourceCompiler>
					<Add directory="../../../include" />
				</ResourceCompiler>
			</Target>
			<Target title="Release Win32">
				<Option output="../../../lib/mingw/static/SPARK" prefix_auto="1" extension_auto="1" />
				<Option working_dir="" />
				<Option object_output="Release Win32" />
				<Option type="2" />
				<Option compiler="gcc" />
				<Option createDefFile="1" />
				<Compiler>
					<Add option="-fexpensive-optimizations" />
					<Add option="-O3" />
					<Add option="-O" />
					<Add option="-W" />
					<Add option="-DWIN32" />
					<Add option="-DNDEBUG" />
					<Add option="-D_LIB" />
					<Add directory="../../../include" />
				</Compiler>
				<ResourceCompiler>
					<Add directory="../../../include" />
				</ResourceCompiler>
				<Linker>
					<Add option="-s" />
				</Linker>
			</Target>
			<Target title="Release Linux">
				<Option output="../../../lib/gcc/static/SPARK" prefix_auto="1" extension_auto="1" />
				<Option working_dir="" />
				<Option object_output="Release Linux" />
				<Option type="2" />
				<Option compiler="gcc" />
				<Option createDefFile="1" />
				<Compiler>
					<Add option="-fexpensive-optimizations" />
					<Add option="-O3" />
					<Add option="-O" />
					<Add option="-W" />
					<Add option="-fPIC" />
					<Add option="-DWIN32" />
					<Add option="-DNDEBUG" />
					<Add option="-D_LIB" />
					<Add directory="../../../include" />
				</Compiler>
				<ResourceCompiler>
					<Add directory="../../../include" />
				</ResourceCompiler>
				<Linker>
					<Add option="-s" />
				</Linker>
			</Target>
		</Build>
		<Linker>
			<Add option="-static-libgcc" />
		</Linker>
		<Unit filename="../../../src/SPK_All.cpp" />
		<Extensions>
			<code_completion />
			<debugger />
		</Extensions>
	</Project>
</CodeBlocks_project_file>
