
Microsoft Visual Studio Solution File, Format Version 10.00
# Visual C++ Express 2008
Project("{8BC9CEB8-8B4A-11D0-8D11-00A0C91BC942}") = "SPARK Demo Basic", "SPARK demos\SPARK Demo Basic.vcproj", "{5DCBEFF6-44D3-41FB-AEB4-8C11E1D58710}"
EndProject
Project("{8BC9CEB8-8B4A-11D0-8D11-00A0C91BC942}") = "SPARK Demo Collision", "SPARK demos\SPARK Demo Collision.vcproj", "{507E9E28-B62B-428F-A1CB-5D4EF8FF9B57}"
EndProject
Project("{8BC9CEB8-8B4A-11D0-8D11-00A0C91BC942}") = "SPARK Demo Collision 2", "SPARK demos\SPARK Demo Collision 2.vcproj", "{261045EF-5C5C-4B08-8EE9-E9AFB342CDA7}"
EndProject
Project("{8BC9CEB8-8B4A-11D0-8D11-00A0C91BC942}") = "SPARK Demo Fire", "SPARK demos\SPARK Demo Fire.vcproj", "{1D2395EB-5DE7-4A77-8C88-A9A1A848B841}"
EndProject
Project("{8BC9CEB8-8B4A-11D0-8D11-00A0C91BC942}") = "SPARK Demo Flakes", "SPARK demos\SPARK Demo Flakes.vcproj", "{68E15D92-5D32-4B65-A6F5-49B27357A758}"
EndProject
Project("{8BC9CEB8-8B4A-11D0-8D11-00A0C91BC942}") = "SPARK Demo Fountain", "SPARK demos\SPARK Demo Foutain.vcproj", "{BE5B1D1F-5C5F-4B58-923D-609FC6188A52}"
EndProject
Project("{8BC9CEB8-8B4A-11D0-8D11-00A0C91BC942}") = "SPARK Demo Gravitation", "SPARK demos\SPARK Demo Gravitation.vcproj", "{5A3AF0E8-8BC4-4072-A54D-5AAC3F96CC03}"
EndProject
Project("{8BC9CEB8-8B4A-11D0-8D11-00A0C91BC942}") = "SPARK Demo Rain", "SPARK demos\SPARK Demo Rain.vcproj", "{3C8AF4C5-28F4-4639-A80C-98E223D495B6}"
EndProject
Project("{8BC9CEB8-8B4A-11D0-8D11-00A0C91BC942}") = "SPARK Demo Writing", "SPARK demos\SPARK Demo Writing.vcproj", "{01C42FDB-D4A5-4656-A19C-13F2952488EB}"
EndProject
Project("{8BC9CEB8-8B4A-11D0-8D11-00A0C91BC942}") = "SPARK Tuto 1", "SPARK tutos\SPARK Tuto 1.vcproj", "{CD3F4115-7A9F-405D-B792-825E5CC84DF5}"
EndProject
Project("{8BC9CEB8-8B4A-11D0-8D11-00A0C91BC942}") = "SPARK Tuto 2", "SPARK tutos\SPARK Tuto 2.vcproj", "{F9466A91-0D0A-4FA8-94FE-3651551866EE}"
EndProject
Project("{8BC9CEB8-8B4A-11D0-8D11-00A0C91BC942}") = "SPARK Demo Irrlicht Basic", "SPARK demos\SPARK Demo Irrlicht.vcproj", "{95537842-C79A-4DBE-9B78-EA2A3A3BB993}"
EndProject
Project("{8BC9CEB8-8B4A-11D0-8D11-00A0C91BC942}") = "SPARK Demo Irrlicht Fire", "SPARK demos\SPARK Demo Irrlicht2.vcproj", "{47220A3C-5A5E-466B-ADCB-A6A30B67B3A4}"
EndProject
Project("{8BC9CEB8-8B4A-11D0-8D11-00A0C91BC942}") = "SPARK Demo Galaxy", "SPARK demos\SPARK Demo Galaxy.vcproj", "{5D2E7CA2-0430-4E3B-BEB2-CABAADFEAD19}"
EndProject
Project("{8BC9CEB8-8B4A-11D0-8D11-00A0C91BC942}") = "SPARK Demo Explosion", "SPARK demos\SPARK Demo Explosion.vcproj", "{579AFCF6-BD40-4B28-8E48-6999206E5F49}"
EndProject
Global
	GlobalSection(SolutionConfigurationPlatforms) = preSolution
		Debug|Win32 = Debug|Win32
		Release|Win32 = Release|Win32
	EndGlobalSection
	GlobalSection(ProjectConfigurationPlatforms) = postSolution
		{5DCBEFF6-44D3-41FB-AEB4-8C11E1D58710}.Debug|Win32.ActiveCfg = Debug|Win32
		{5DCBEFF6-44D3-41FB-AEB4-8C11E1D58710}.Debug|Win32.Build.0 = Debug|Win32
		{5DCBEFF6-44D3-41FB-AEB4-8C11E1D58710}.Release|Win32.ActiveCfg = Release|Win32
		{5DCBEFF6-44D3-41FB-AEB4-8C11E1D58710}.Release|Win32.Build.0 = Release|Win32
		{507E9E28-B62B-428F-A1CB-5D4EF8FF9B57}.Debug|Win32.ActiveCfg = Debug|Win32
		{507E9E28-B62B-428F-A1CB-5D4EF8FF9B57}.Debug|Win32.Build.0 = Debug|Win32
		{507E9E28-B62B-428F-A1CB-5D4EF8FF9B57}.Release|Win32.ActiveCfg = Release|Win32
		{507E9E28-B62B-428F-A1CB-5D4EF8FF9B57}.Release|Win32.Build.0 = Release|Win32
		{261045EF-5C5C-4B08-8EE9-E9AFB342CDA7}.Debug|Win32.ActiveCfg = Debug|Win32
		{261045EF-5C5C-4B08-8EE9-E9AFB342CDA7}.Debug|Win32.Build.0 = Debug|Win32
		{261045EF-5C5C-4B08-8EE9-E9AFB342CDA7}.Release|Win32.ActiveCfg = Release|Win32
		{261045EF-5C5C-4B08-8EE9-E9AFB342CDA7}.Release|Win32.Build.0 = Release|Win32
		{1D2395EB-5DE7-4A77-8C88-A9A1A848B841}.Debug|Win32.ActiveCfg = Debug|Win32
		{1D2395EB-5DE7-4A77-8C88-A9A1A848B841}.Debug|Win32.Build.0 = Debug|Win32
		{1D2395EB-5DE7-4A77-8C88-A9A1A848B841}.Release|Win32.ActiveCfg = Release|Win32
		{1D2395EB-5DE7-4A77-8C88-A9A1A848B841}.Release|Win32.Build.0 = Release|Win32
		{68E15D92-5D32-4B65-A6F5-49B27357A758}.Debug|Win32.ActiveCfg = Debug|Win32
		{68E15D92-5D32-4B65-A6F5-49B27357A758}.Debug|Win32.Build.0 = Debug|Win32
		{68E15D92-5D32-4B65-A6F5-49B27357A758}.Release|Win32.ActiveCfg = Release|Win32
		{68E15D92-5D32-4B65-A6F5-49B27357A758}.Release|Win32.Build.0 = Release|Win32
		{BE5B1D1F-5C5F-4B58-923D-609FC6188A52}.Debug|Win32.ActiveCfg = Debug|Win32
		{BE5B1D1F-5C5F-4B58-923D-609FC6188A52}.Debug|Win32.Build.0 = Debug|Win32
		{BE5B1D1F-5C5F-4B58-923D-609FC6188A52}.Release|Win32.ActiveCfg = Release|Win32
		{BE5B1D1F-5C5F-4B58-923D-609FC6188A52}.Release|Win32.Build.0 = Release|Win32
		{5A3AF0E8-8BC4-4072-A54D-5AAC3F96CC03}.Debug|Win32.ActiveCfg = Debug|Win32
		{5A3AF0E8-8BC4-4072-A54D-5AAC3F96CC03}.Debug|Win32.Build.0 = Debug|Win32
		{5A3AF0E8-8BC4-4072-A54D-5AAC3F96CC03}.Release|Win32.ActiveCfg = Release|Win32
		{5A3AF0E8-8BC4-4072-A54D-5AAC3F96CC03}.Release|Win32.Build.0 = Release|Win32
		{3C8AF4C5-28F4-4639-A80C-98E223D495B6}.Debug|Win32.ActiveCfg = Debug|Win32
		{3C8AF4C5-28F4-4639-A80C-98E223D495B6}.Debug|Win32.Build.0 = Debug|Win32
		{3C8AF4C5-28F4-4639-A80C-98E223D495B6}.Release|Win32.ActiveCfg = Release|Win32
		{3C8AF4C5-28F4-4639-A80C-98E223D495B6}.Release|Win32.Build.0 = Release|Win32
		{01C42FDB-D4A5-4656-A19C-13F2952488EB}.Debug|Win32.ActiveCfg = Debug|Win32
		{01C42FDB-D4A5-4656-A19C-13F2952488EB}.Debug|Win32.Build.0 = Debug|Win32
		{01C42FDB-D4A5-4656-A19C-13F2952488EB}.Release|Win32.ActiveCfg = Release|Win32
		{01C42FDB-D4A5-4656-A19C-13F2952488EB}.Release|Win32.Build.0 = Release|Win32
		{CD3F4115-7A9F-405D-B792-825E5CC84DF5}.Debug|Win32.ActiveCfg = Debug|Win32
		{CD3F4115-7A9F-405D-B792-825E5CC84DF5}.Debug|Win32.Build.0 = Debug|Win32
		{CD3F4115-7A9F-405D-B792-825E5CC84DF5}.Release|Win32.ActiveCfg = Release|Win32
		{CD3F4115-7A9F-405D-B792-825E5CC84DF5}.Release|Win32.Build.0 = Release|Win32
		{F9466A91-0D0A-4FA8-94FE-3651551866EE}.Debug|Win32.ActiveCfg = Debug|Win32
		{F9466A91-0D0A-4FA8-94FE-3651551866EE}.Debug|Win32.Build.0 = Debug|Win32
		{F9466A91-0D0A-4FA8-94FE-3651551866EE}.Release|Win32.ActiveCfg = Release|Win32
		{F9466A91-0D0A-4FA8-94FE-3651551866EE}.Release|Win32.Build.0 = Release|Win32
		{95537842-C79A-4DBE-9B78-EA2A3A3BB993}.Debug|Win32.ActiveCfg = Debug|Win32
		{95537842-C79A-4DBE-9B78-EA2A3A3BB993}.Debug|Win32.Build.0 = Debug|Win32
		{95537842-C79A-4DBE-9B78-EA2A3A3BB993}.Release|Win32.ActiveCfg = Release|Win32
		{95537842-C79A-4DBE-9B78-EA2A3A3BB993}.Release|Win32.Build.0 = Release|Win32
		{47220A3C-5A5E-466B-ADCB-A6A30B67B3A4}.Debug|Win32.ActiveCfg = Debug|Win32
		{47220A3C-5A5E-466B-ADCB-A6A30B67B3A4}.Debug|Win32.Build.0 = Debug|Win32
		{47220A3C-5A5E-466B-ADCB-A6A30B67B3A4}.Release|Win32.ActiveCfg = Release|Win32
		{47220A3C-5A5E-466B-ADCB-A6A30B67B3A4}.Release|Win32.Build.0 = Release|Win32
		{5D2E7CA2-0430-4E3B-BEB2-CABAADFEAD19}.Debug|Win32.ActiveCfg = Debug|Win32
		{5D2E7CA2-0430-4E3B-BEB2-CABAADFEAD19}.Debug|Win32.Build.0 = Debug|Win32
		{5D2E7CA2-0430-4E3B-BEB2-CABAADFEAD19}.Release|Win32.ActiveCfg = Release|Win32
		{5D2E7CA2-0430-4E3B-BEB2-CABAADFEAD19}.Release|Win32.Build.0 = Release|Win32
		{579AFCF6-BD40-4B28-8E48-6999206E5F49}.Debug|Win32.ActiveCfg = Debug|Win32
		{579AFCF6-BD40-4B28-8E48-6999206E5F49}.Debug|Win32.Build.0 = Debug|Win32
		{579AFCF6-BD40-4B28-8E48-6999206E5F49}.Release|Win32.ActiveCfg = Release|Win32
		{579AFCF6-BD40-4B28-8E48-6999206E5F49}.Release|Win32.Build.0 = Release|Win32
	EndGlobalSection
	GlobalSection(SolutionProperties) = preSolution
		HideSolutionNode = FALSE
	EndGlobalSection
EndGlobal
